
Microsoft Visual Studio Solution File, Format Version 12.00
# Visual Studio 15
VisualStudioVersion = 15.0.28010.0
MinimumVisualStudioVersion = 10.0.40219.1
Project("{FAE04EC0-301F-11D3-BF4B-00C04F79EFBC}") = "Scriptor", "Scriptor\Scriptor.csproj", "{BD8008E5-970D-49E2-808B-ACC8BA7962F1}"
EndProject
Project("{FAE04EC0-301F-11D3-BF4B-00C04F79EFBC}") = "Demo", "Demo\Demo.csproj", "{A5E14584-9651-42B0-A273-62A556CFCE67}"
EndProject
Global
	GlobalSection(SolutionConfigurationPlatforms) = preSolution
		Debug|Any CPU = Debug|Any CPU
		Release|Any CPU = Release|Any CPU
	EndGlobalSection
	GlobalSection(ProjectConfigurationPlatforms) = postSolution
		{BD8008E5-970D-49E2-808B-ACC8BA7962F1}.Debug|Any CPU.ActiveCfg = Debug|Any CPU
		{BD8008E5-970D-49E2-808B-ACC8BA7962F1}.Debug|Any CPU.Build.0 = Debug|Any CPU
		{BD8008E5-970D-49E2-808B-ACC8BA7962F1}.Release|Any CPU.ActiveCfg = Release|Any CPU
		{BD8008E5-970D-49E2-808B-ACC8BA7962F1}.Release|Any CPU.Build.0 = Release|Any CPU
		{A5E14584-9651-42B0-A273-62A556CFCE67}.Debug|Any CPU.ActiveCfg = Debug|Any CPU
		{A5E14584-9651-42B0-A273-62A556CFCE67}.Debug|Any CPU.Build.0 = Debug|Any CPU
		{A5E14584-9651-42B0-A273-62A556CFCE67}.Release|Any CPU.ActiveCfg = Release|Any CPU
		{A5E14584-9651-42B0-A273-62A556CFCE67}.Release|Any CPU.Build.0 = Release|Any CPU
	EndGlobalSection
	GlobalSection(SolutionProperties) = preSolution
		HideSolutionNode = FALSE
	EndGlobalSection
	GlobalSection(ExtensibilityGlobals) = postSolution
		SolutionGuid = {20E1C6B0-DA75-4C18-9FF7-FC97DDDA4DE6}
	EndGlobalSection
EndGlobal
